
Microsoft Visual Studio Solution File, Format Version 12.00
# Visual Studio Version 16
VisualStudioVersion = 16.0.31729.503
MinimumVisualStudioVersion = 10.0.40219.1
Project("{FAE04EC0-301F-11D3-BF4B-00C04F79EFBC}") = "SecretSantaBot", "SecretSantaBot.csproj", "{4D6C5594-3F56-4797-B683-4058ECE00C31}"
EndProject
Global
	GlobalSection(SolutionConfigurationPlatforms) = preSolution
		Debug|Any CPU = Debug|Any CPU
		Release|Any CPU = Release|Any CPU
	EndGlobalSection
	GlobalSection(ProjectConfigurationPlatforms) = postSolution
		{4D6C5594-3F56-4797-B683-4058ECE00C31}.Debug|Any CPU.ActiveCfg = Debug|Any CPU
		{4D6C5594-3F56-4797-B683-4058ECE00C31}.Debug|Any CPU.Build.0 = Debug|Any CPU
		{4D6C5594-3F56-4797-B683-4058ECE00C31}.Release|Any CPU.ActiveCfg = Release|Any CPU
		{4D6C5594-3F56-4797-B683-4058ECE00C31}.Release|Any CPU.Build.0 = Release|Any CPU
	EndGlobalSection
	GlobalSection(SolutionProperties) = preSolution
		HideSolutionNode = FALSE
	EndGlobalSection
	GlobalSection(ExtensibilityGlobals) = postSolution
		SolutionGuid = {DA4686B3-EBFE-4855-A42A-5C8E9C016CC1}
	EndGlobalSection
EndGlobal
